// !$*UTF8*$!
{
	archiveVersion = 1;
	classes = {
	};
	objectVersion = 50;
	objects = {

/* Begin PBXBuildFile section */
		5E3749B725910E5B00FC59F7 /* SetupViewController.swift in Sources */ = {isa = PBXBuildFile; fileRef = 5E3749B625910E5B00FC59F7 /* SetupViewController.swift */; };
		5E7FEB36258E73F30072A6C2 /* GameSessionFacade.swift in Sources */ = {isa = PBXBuildFile; fileRef = 5E7FEB35258E73F30072A6C2 /* GameSessionFacade.swift */; };
		5E7FEB3C258E75350072A6C2 /* SetupView.swift in Sources */ = {isa = PBXBuildFile; fileRef = 5E7FEB3B258E75350072A6C2 /* SetupView.swift */; };
		5E7FEB43258E8B090072A6C2 /* AddQuestionViewController.swift in Sources */ = {isa = PBXBuildFile; fileRef = 5E7FEB42258E8B090072A6C2 /* AddQuestionViewController.swift */; };
		5E7FEB48258E8B290072A6C2 /* AddQuestionView.swift in Sources */ = {isa = PBXBuildFile; fileRef = 5E7FEB47258E8B290072A6C2 /* AddQuestionView.swift */; };
		5E7FEB4B258E98C60072A6C2 /* QuestionsCaretaker.swift in Sources */ = {isa = PBXBuildFile; fileRef = 5E7FEB4A258E98C60072A6C2 /* QuestionsCaretaker.swift */; };
		5E7FEB54258F2BC70072A6C2 /* GetNewQuestionRandomStrategy.swift in Sources */ = {isa = PBXBuildFile; fileRef = 5E7FEB53258F2BC70072A6C2 /* GetNewQuestionRandomStrategy.swift */; };
		5E7FEB58258F2D470072A6C2 /* GetNewQuestionConsistentStrategy.swift in Sources */ = {isa = PBXBuildFile; fileRef = 5E7FEB57258F2D470072A6C2 /* GetNewQuestionConsistentStrategy.swift */; };
		5E7FEB61258F578B0072A6C2 /* Observable.swift in Sources */ = {isa = PBXBuildFile; fileRef = 5E7FEB60258F578B0072A6C2 /* Observable.swift */; };
		5E83FA322583C8B500FD6477 /* AppDelegate.swift in Sources */ = {isa = PBXBuildFile; fileRef = 5E83FA312583C8B500FD6477 /* AppDelegate.swift */; };
		5E83FA342583C8B500FD6477 /* SceneDelegate.swift in Sources */ = {isa = PBXBuildFile; fileRef = 5E83FA332583C8B500FD6477 /* SceneDelegate.swift */; };
		5E83FA362583C8B500FD6477 /* ViewController.swift in Sources */ = {isa = PBXBuildFile; fileRef = 5E83FA352583C8B500FD6477 /* ViewController.swift */; };
		5E83FA3B2583C8B700FD6477 /* Assets.xcassets in Resources */ = {isa = PBXBuildFile; fileRef = 5E83FA3A2583C8B700FD6477 /* Assets.xcassets */; };
		5E83FA3E2583C8B700FD6477 /* LaunchScreen.storyboard in Resources */ = {isa = PBXBuildFile; fileRef = 5E83FA3C2583C8B700FD6477 /* LaunchScreen.storyboard */; };
		5E83FA4A2583CB1E00FD6477 /* Question.swift in Sources */ = {isa = PBXBuildFile; fileRef = 5E83FA492583CB1E00FD6477 /* Question.swift */; };
		5E83FA4D2583FB3800FD6477 /* MainViewController.swift in Sources */ = {isa = PBXBuildFile; fileRef = 5E83FA4C2583FB3800FD6477 /* MainViewController.swift */; };
		5E83FA502583FB6500FD6477 /* MainView.swift in Sources */ = {isa = PBXBuildFile; fileRef = 5E83FA4F2583FB6500FD6477 /* MainView.swift */; };
		5E83FA562584024300FD6477 /* GameViewController.swift in Sources */ = {isa = PBXBuildFile; fileRef = 5E83FA552584024300FD6477 /* GameViewController.swift */; };
		5E83FA5A2584027000FD6477 /* GameView.swift in Sources */ = {isa = PBXBuildFile; fileRef = 5E83FA592584027000FD6477 /* GameView.swift */; };
		5E83FA5F2584E4B000FD6477 /* Game.swift in Sources */ = {isa = PBXBuildFile; fileRef = 5E83FA5E2584E4B000FD6477 /* Game.swift */; };
		5E83FA65258604B800FD6477 /* RecordsCaretaker.swift in Sources */ = {isa = PBXBuildFile; fileRef = 5E83FA64258604B800FD6477 /* RecordsCaretaker.swift */; };
		5E83FA682586076B00FD6477 /* RecordsViewController.swift in Sources */ = {isa = PBXBuildFile; fileRef = 5E83FA672586076B00FD6477 /* RecordsViewController.swift */; };
		5E83FA6B258607A500FD6477 /* RecordsView.swift in Sources */ = {isa = PBXBuildFile; fileRef = 5E83FA6A258607A500FD6477 /* RecordsView.swift */; };
		5E83FB17258A33BF00FD6477 /* Record.swift in Sources */ = {isa = PBXBuildFile; fileRef = 5E83FB16258A33BF00FD6477 /* Record.swift */; };
		5E83FB1C258A33DD00FD6477 /* Date.swift in Sources */ = {isa = PBXBuildFile; fileRef = 5E83FB1B258A33DD00FD6477 /* Date.swift */; };
/* End PBXBuildFile section */

/* Begin PBXFileReference section */
		5E3749B625910E5B00FC59F7 /* SetupViewController.swift */ = {isa = PBXFileReference; lastKnownFileType = sourcecode.swift; path = SetupViewController.swift; sourceTree = "<group>"; };
		5E7FEB35258E73F30072A6C2 /* GameSessionFacade.swift */ = {isa = PBXFileReference; lastKnownFileType = sourcecode.swift; path = GameSessionFacade.swift; sourceTree = "<group>"; };
		5E7FEB3B258E75350072A6C2 /* SetupView.swift */ = {isa = PBXFileReference; lastKnownFileType = sourcecode.swift; path = SetupView.swift; sourceTree = "<group>"; };
		5E7FEB42258E8B090072A6C2 /* AddQuestionViewController.swift */ = {isa = PBXFileReference; lastKnownFileType = sourcecode.swift; path = AddQuestionViewController.swift; sourceTree = "<group>"; };
		5E7FEB47258E8B290072A6C2 /* AddQuestionView.swift */ = {isa = PBXFileReference; lastKnownFileType = sourcecode.swift; path = AddQuestionView.swift; sourceTree = "<group>"; };
		5E7FEB4A258E98C60072A6C2 /* QuestionsCaretaker.swift */ = {isa = PBXFileReference; lastKnownFileType = sourcecode.swift; path = QuestionsCaretaker.swift; sourceTree = "<group>"; };
		5E7FEB53258F2BC70072A6C2 /* GetNewQuestionRandomStrategy.swift */ = {isa = PBXFileReference; lastKnownFileType = sourcecode.swift; path = GetNewQuestionRandomStrategy.swift; sourceTree = "<group>"; };
		5E7FEB57258F2D470072A6C2 /* GetNewQuestionConsistentStrategy.swift */ = {isa = PBXFileReference; lastKnownFileType = sourcecode.swift; path = GetNewQuestionConsistentStrategy.swift; sourceTree = "<group>"; };
		5E7FEB60258F578B0072A6C2 /* Observable.swift */ = {isa = PBXFileReference; lastKnownFileType = sourcecode.swift; path = Observable.swift; sourceTree = "<group>"; };
		5E83FA2E2583C8B500FD6477 /* WhoWantsToBeAMillioner.app */ = {isa = PBXFileReference; explicitFileType = wrapper.application; includeInIndex = 0; path = WhoWantsToBeAMillioner.app; sourceTree = BUILT_PRODUCTS_DIR; };
		5E83FA312583C8B500FD6477 /* AppDelegate.swift */ = {isa = PBXFileReference; lastKnownFileType = sourcecode.swift; path = AppDelegate.swift; sourceTree = "<group>"; };
		5E83FA332583C8B500FD6477 /* SceneDelegate.swift */ = {isa = PBXFileReference; lastKnownFileType = sourcecode.swift; path = SceneDelegate.swift; sourceTree = "<group>"; };
		5E83FA352583C8B500FD6477 /* ViewController.swift */ = {isa = PBXFileReference; lastKnownFileType = sourcecode.swift; path = ViewController.swift; sourceTree = "<group>"; };
		5E83FA3A2583C8B700FD6477 /* Assets.xcassets */ = {isa = PBXFileReference; lastKnownFileType = folder.assetcatalog; path = Assets.xcassets; sourceTree = "<group>"; };
		5E83FA3D2583C8B700FD6477 /* Base */ = {isa = PBXFileReference; lastKnownFileType = file.storyboard; name = Base; path = Base.lproj/LaunchScreen.storyboard; sourceTree = "<group>"; };
		5E83FA3F2583C8B700FD6477 /* Info.plist */ = {isa = PBXFileReference; lastKnownFileType = text.plist.xml; path = Info.plist; sourceTree = "<group>"; };
		5E83FA492583CB1E00FD6477 /* Question.swift */ = {isa = PBXFileReference; lastKnownFileType = sourcecode.swift; path = Question.swift; sourceTree = "<group>"; };
		5E83FA4C2583FB3800FD6477 /* MainViewController.swift */ = {isa = PBXFileReference; lastKnownFileType = sourcecode.swift; path = MainViewController.swift; sourceTree = "<group>"; };
		5E83FA4F2583FB6500FD6477 /* MainView.swift */ = {isa = PBXFileReference; lastKnownFileType = sourcecode.swift; path = MainView.swift; sourceTree = "<group>"; };
		5E83FA552584024300FD6477 /* GameViewController.swift */ = {isa = PBXFileReference; lastKnownFileType = sourcecode.swift; path = GameViewController.swift; sourceTree = "<group>"; };
		5E83FA592584027000FD6477 /* GameView.swift */ = {isa = PBXFileReference; lastKnownFileType = sourcecode.swift; path = GameView.swift; sourceTree = "<group>"; };
		5E83FA5E2584E4B000FD6477 /* Game.swift */ = {isa = PBXFileReference; lastKnownFileType = sourcecode.swift; path = Game.swift; sourceTree = "<group>"; };
		5E83FA64258604B800FD6477 /* RecordsCaretaker.swift */ = {isa = PBXFileReference; lastKnownFileType = sourcecode.swift; path = RecordsCaretaker.swift; sourceTree = "<group>"; };
		5E83FA672586076B00FD6477 /* RecordsViewController.swift */ = {isa = PBXFileReference; lastKnownFileType = sourcecode.swift; path = RecordsViewController.swift; sourceTree = "<group>"; };
		5E83FA6A258607A500FD6477 /* RecordsView.swift */ = {isa = PBXFileReference; lastKnownFileType = sourcecode.swift; path = RecordsView.swift; sourceTree = "<group>"; };
		5E83FB16258A33BF00FD6477 /* Record.swift */ = {isa = PBXFileReference; lastKnownFileType = sourcecode.swift; path = Record.swift; sourceTree = "<group>"; };
		5E83FB1B258A33DD00FD6477 /* Date.swift */ = {isa = PBXFileReference; lastKnownFileType = sourcecode.swift; path = Date.swift; sourceTree = "<group>"; };
/* End PBXFileReference section */

/* Begin PBXFrameworksBuildPhase section */
		5E83FA2B2583C8B500FD6477 /* Frameworks */ = {
			isa = PBXFrameworksBuildPhase;
			buildActionMask = 2147483647;
			files = (
			);
			runOnlyForDeploymentPostprocessing = 0;
		};
/* End PBXFrameworksBuildPhase section */

/* Begin PBXGroup section */
		5E7FEB3F258E75410072A6C2 /* Setup */ = {
			isa = PBXGroup;
			children = (
				5E7FEB3B258E75350072A6C2 /* SetupView.swift */,
				5E3749B625910E5B00FC59F7 /* SetupViewController.swift */,
			);
			path = Setup;
			sourceTree = "<group>";
		};
		5E7FEB41258E8AF90072A6C2 /* AddQuestions */ = {
			isa = PBXGroup;
			children = (
				5E7FEB42258E8B090072A6C2 /* AddQuestionViewController.swift */,
				5E7FEB47258E8B290072A6C2 /* AddQuestionView.swift */,
			);
			path = AddQuestions;
			sourceTree = "<group>";
		};
		5E7FEB52258F2B800072A6C2 /* Strategies */ = {
			isa = PBXGroup;
			children = (
				5E7FEB53258F2BC70072A6C2 /* GetNewQuestionRandomStrategy.swift */,
				5E7FEB57258F2D470072A6C2 /* GetNewQuestionConsistentStrategy.swift */,
			);
			path = Strategies;
			sourceTree = "<group>";
		};
		5E83FA252583C8B500FD6477 = {
			isa = PBXGroup;
			children = (
				5E83FA302583C8B500FD6477 /* WhoWantsToBeAMillioner */,
				5E83FA2F2583C8B500FD6477 /* Products */,
			);
			sourceTree = "<group>";
		};
		5E83FA2F2583C8B500FD6477 /* Products */ = {
			isa = PBXGroup;
			children = (
				5E83FA2E2583C8B500FD6477 /* WhoWantsToBeAMillioner.app */,
			);
			name = Products;
			sourceTree = "<group>";
		};
		5E83FA302583C8B500FD6477 /* WhoWantsToBeAMillioner */ = {
			isa = PBXGroup;
			children = (
				5E83FB14258A336A00FD6477 /* UI */,
				5E83FA6D258607CA00FD6477 /* Records */,
				5E83FB1F258A33F300FD6477 /* Services */,
				5E83FB1A258A33D000FD6477 /* Extensions */,
				5E83FA312583C8B500FD6477 /* AppDelegate.swift */,
				5E83FA332583C8B500FD6477 /* SceneDelegate.swift */,
				5E83FA352583C8B500FD6477 /* ViewController.swift */,
				5E83FA3A2583C8B700FD6477 /* Assets.xcassets */,
				5E83FA3C2583C8B700FD6477 /* LaunchScreen.storyboard */,
				5E83FA3F2583C8B700FD6477 /* Info.plist */,
			);
			path = WhoWantsToBeAMillioner;
			sourceTree = "<group>";
		};
		5E83FA52258400C400FD6477 /* Main */ = {
			isa = PBXGroup;
			children = (
				5E83FA4C2583FB3800FD6477 /* MainViewController.swift */,
				5E83FA4F2583FB6500FD6477 /* MainView.swift */,
			);
			path = Main;
			sourceTree = "<group>";
		};
		5E83FA542584023700FD6477 /* Game */ = {
			isa = PBXGroup;
			children = (
				5E83FA552584024300FD6477 /* GameViewController.swift */,
				5E83FA592584027000FD6477 /* GameView.swift */,
			);
			path = Game;
			sourceTree = "<group>";
		};
		5E83FA6D258607CA00FD6477 /* Records */ = {
			isa = PBXGroup;
			children = (
				5E83FA672586076B00FD6477 /* RecordsViewController.swift */,
				5E83FA6A258607A500FD6477 /* RecordsView.swift */,
			);
			path = Records;
			sourceTree = "<group>";
		};
		5E83FB14258A336A00FD6477 /* UI */ = {
			isa = PBXGroup;
			children = (
				5E7FEB52258F2B800072A6C2 /* Strategies */,
				5E7FEB41258E8AF90072A6C2 /* AddQuestions */,
				5E83FB15258A33AF00FD6477 /* Models */,
				5E83FA52258400C400FD6477 /* Main */,
				5E83FA542584023700FD6477 /* Game */,
				5E7FEB3F258E75410072A6C2 /* Setup */,
			);
			path = UI;
			sourceTree = "<group>";
		};
		5E83FB15258A33AF00FD6477 /* Models */ = {
			isa = PBXGroup;
			children = (
				5E83FA492583CB1E00FD6477 /* Question.swift */,
				5E83FB16258A33BF00FD6477 /* Record.swift */,
			);
			path = Models;
			sourceTree = "<group>";
		};
		5E83FB1A258A33D000FD6477 /* Extensions */ = {
			isa = PBXGroup;
			children = (
				5E83FB1B258A33DD00FD6477 /* Date.swift */,
			);
			path = Extensions;
			sourceTree = "<group>";
		};
		5E83FB1F258A33F300FD6477 /* Services */ = {
			isa = PBXGroup;
			children = (
				5E83FA64258604B800FD6477 /* RecordsCaretaker.swift */,
				5E7FEB4A258E98C60072A6C2 /* QuestionsCaretaker.swift */,
				5E83FA5E2584E4B000FD6477 /* Game.swift */,
				5E7FEB35258E73F30072A6C2 /* GameSessionFacade.swift */,
				5E7FEB60258F578B0072A6C2 /* Observable.swift */,
			);
			path = Services;
			sourceTree = "<group>";
		};
/* End PBXGroup section */

/* Begin PBXNativeTarget section */
		5E83FA2D2583C8B500FD6477 /* WhoWantsToBeAMillioner */ = {
			isa = PBXNativeTarget;
			buildConfigurationList = 5E83FA422583C8B700FD6477 /* Build configuration list for PBXNativeTarget "WhoWantsToBeAMillioner" */;
			buildPhases = (
				5E83FA2A2583C8B500FD6477 /* Sources */,
				5E83FA2B2583C8B500FD6477 /* Frameworks */,
				5E83FA2C2583C8B500FD6477 /* Resources */,
			);
			buildRules = (
			);
			dependencies = (
			);
			name = WhoWantsToBeAMillioner;
			productName = WhoWantsToBeAMillioner;
			productReference = 5E83FA2E2583C8B500FD6477 /* WhoWantsToBeAMillioner.app */;
			productType = "com.apple.product-type.application";
		};
/* End PBXNativeTarget section */

/* Begin PBXProject section */
		5E83FA262583C8B500FD6477 /* Project object */ = {
			isa = PBXProject;
			attributes = {
				LastSwiftUpdateCheck = 1220;
				LastUpgradeCheck = 1220;
				TargetAttributes = {
					5E83FA2D2583C8B500FD6477 = {
						CreatedOnToolsVersion = 12.2;
					};
				};
			};
			buildConfigurationList = 5E83FA292583C8B500FD6477 /* Build configuration list for PBXProject "WhoWantsToBeAMillioner" */;
			compatibilityVersion = "Xcode 9.3";
			developmentRegion = en;
			hasScannedForEncodings = 0;
			knownRegions = (
				en,
				Base,
			);
			mainGroup = 5E83FA252583C8B500FD6477;
			productRefGroup = 5E83FA2F2583C8B500FD6477 /* Products */;
			projectDirPath = "";
			projectRoot = "";
			targets = (
				5E83FA2D2583C8B500FD6477 /* WhoWantsToBeAMillioner */,
			);
		};
/* End PBXProject section */

/* Begin PBXResourcesBuildPhase section */
		5E83FA2C2583C8B500FD6477 /* Resources */ = {
			isa = PBXResourcesBuildPhase;
			buildActionMask = 2147483647;
			files = (
				5E83FA3E2583C8B700FD6477 /* LaunchScreen.storyboard in Resources */,
				5E83FA3B2583C8B700FD6477 /* Assets.xcassets in Resources */,
			);
			runOnlyForDeploymentPostprocessing = 0;
		};
/* End PBXResourcesBuildPhase section */

/* Begin PBXSourcesBuildPhase section */
		5E83FA2A2583C8B500FD6477 /* Sources */ = {
			isa = PBXSourcesBuildPhase;
			buildActionMask = 2147483647;
			files = (
				5E83FA562584024300FD6477 /* GameViewController.swift in Sources */,
				5E7FEB48258E8B290072A6C2 /* AddQuestionView.swift in Sources */,
				5E83FA682586076B00FD6477 /* RecordsViewController.swift in Sources */,
				5E83FA362583C8B500FD6477 /* ViewController.swift in Sources */,
				5E83FA65258604B800FD6477 /* RecordsCaretaker.swift in Sources */,
				5E3749B725910E5B00FC59F7 /* SetupViewController.swift in Sources */,
				5E7FEB3C258E75350072A6C2 /* SetupView.swift in Sources */,
				5E7FEB54258F2BC70072A6C2 /* GetNewQuestionRandomStrategy.swift in Sources */,
				5E83FA502583FB6500FD6477 /* MainView.swift in Sources */,
				5E83FA4A2583CB1E00FD6477 /* Question.swift in Sources */,
				5E83FA322583C8B500FD6477 /* AppDelegate.swift in Sources */,
				5E7FEB36258E73F30072A6C2 /* GameSessionFacade.swift in Sources */,
				5E83FB17258A33BF00FD6477 /* Record.swift in Sources */,
				5E7FEB4B258E98C60072A6C2 /* QuestionsCaretaker.swift in Sources */,
				5E83FA5A2584027000FD6477 /* GameView.swift in Sources */,
				5E83FB1C258A33DD00FD6477 /* Date.swift in Sources */,
				5E83FA342583C8B500FD6477 /* SceneDelegate.swift in Sources */,
				5E7FEB43258E8B090072A6C2 /* AddQuestionViewController.swift in Sources */,
				5E83FA6B258607A500FD6477 /* RecordsView.swift in Sources */,
				5E83FA5F2584E4B000FD6477 /* Game.swift in Sources */,
				5E7FEB58258F2D470072A6C2 /* GetNewQuestionConsistentStrategy.swift in Sources */,
				5E83FA4D2583FB3800FD6477 /* MainViewController.swift in Sources */,
				5E7FEB61258F578B0072A6C2 /* Observable.swift in Sources */,
			);
			runOnlyForDeploymentPostprocessing = 0;
		};
/* End PBXSourcesBuildPhase section */

/* Begin PBXVariantGroup section */
		5E83FA3C2583C8B700FD6477 /* LaunchScreen.storyboard */ = {
			isa = PBXVariantGroup;
			children = (
				5E83FA3D2583C8B700FD6477 /* Base */,
			);
			name = LaunchScreen.storyboard;
			sourceTree = "<group>";
		};
/* End PBXVariantGroup section */

/* Begin XCBuildConfiguration section */
		5E83FA402583C8B700FD6477 /* Debug */ = {
			isa = XCBuildConfiguration;
			buildSettings = {
				ALWAYS_SEARCH_USER_PATHS = NO;
				CLANG_ANALYZER_NONNULL = YES;
				CLANG_ANALYZER_NUMBER_OBJECT_CONVERSION = YES_AGGRESSIVE;
				CLANG_CXX_LANGUAGE_STANDARD = "gnu++14";
				CLANG_CXX_LIBRARY = "libc++";
				CLANG_ENABLE_MODULES = YES;
				CLANG_ENABLE_OBJC_ARC = YES;
				CLANG_ENABLE_OBJC_WEAK = YES;
				CLANG_WARN_BLOCK_CAPTURE_AUTORELEASING = YES;
				CLANG_WARN_BOOL_CONVERSION = YES;
				CLANG_WARN_COMMA = YES;
				CLANG_WARN_CONSTANT_CONVERSION = YES;
				CLANG_WARN_DEPRECATED_OBJC_IMPLEMENTATIONS = YES;
				CLANG_WARN_DIRECT_OBJC_ISA_USAGE = YES_ERROR;
				CLANG_WARN_DOCUMENTATION_COMMENTS = YES;
				CLANG_WARN_EMPTY_BODY = YES;
				CLANG_WARN_ENUM_CONVERSION = YES;
				CLANG_WARN_INFINITE_RECURSION = YES;
				CLANG_WARN_INT_CONVERSION = YES;
				CLANG_WARN_NON_LITERAL_NULL_CONVERSION = YES;
				CLANG_WARN_OBJC_IMPLICIT_RETAIN_SELF = YES;
				CLANG_WARN_OBJC_LITERAL_CONVERSION = YES;
				CLANG_WARN_OBJC_ROOT_CLASS = YES_ERROR;
				CLANG_WARN_QUOTED_INCLUDE_IN_FRAMEWORK_HEADER = YES;
				CLANG_WARN_RANGE_LOOP_ANALYSIS = YES;
				CLANG_WARN_STRICT_PROTOTYPES = YES;
				CLANG_WARN_SUSPICIOUS_MOVE = YES;
				CLANG_WARN_UNGUARDED_AVAILABILITY = YES_AGGRESSIVE;
				CLANG_WARN_UNREACHABLE_CODE = YES;
				CLANG_WARN__DUPLICATE_METHOD_MATCH = YES;
				COPY_PHASE_STRIP = NO;
				DEBUG_INFORMATION_FORMAT = dwarf;
				ENABLE_STRICT_OBJC_MSGSEND = YES;
				ENABLE_TESTABILITY = YES;
				GCC_C_LANGUAGE_STANDARD = gnu11;
				GCC_DYNAMIC_NO_PIC = NO;
				GCC_NO_COMMON_BLOCKS = YES;
				GCC_OPTIMIZATION_LEVEL = 0;
				GCC_PREPROCESSOR_DEFINITIONS = (
					"DEBUG=1",
					"$(inherited)",
				);
				GCC_WARN_64_TO_32_BIT_CONVERSION = YES;
				GCC_WARN_ABOUT_RETURN_TYPE = YES_ERROR;
				GCC_WARN_UNDECLARED_SELECTOR = YES;
				GCC_WARN_UNINITIALIZED_AUTOS = YES_AGGRESSIVE;
				GCC_WARN_UNUSED_FUNCTION = YES;
				GCC_WARN_UNUSED_VARIABLE = YES;
				IPHONEOS_DEPLOYMENT_TARGET = 14.2;
				MTL_ENABLE_DEBUG_INFO = INCLUDE_SOURCE;
				MTL_FAST_MATH = YES;
				ONLY_ACTIVE_ARCH = YES;
				SDKROOT = iphoneos;
				SWIFT_ACTIVE_COMPILATION_CONDITIONS = DEBUG;
				SWIFT_OPTIMIZATION_LEVEL = "-Onone";
			};
			name = Debug;
		};
		5E83FA412583C8B700FD6477 /* Release */ = {
			isa = XCBuildConfiguration;
			buildSettings = {
				ALWAYS_SEARCH_USER_PATHS = NO;
				CLANG_ANALYZER_NONNULL = YES;
				CLANG_ANALYZER_NUMBER_OBJECT_CONVERSION = YES_AGGRESSIVE;
				CLANG_CXX_LANGUAGE_STANDARD = "gnu++14";
				CLANG_CXX_LIBRARY = "libc++";
				CLANG_ENABLE_MODULES = YES;
				CLANG_ENABLE_OBJC_ARC = YES;
				CLANG_ENABLE_OBJC_WEAK = YES;
				CLANG_WARN_BLOCK_CAPTURE_AUTORELEASING = YES;
				CLANG_WARN_BOOL_CONVERSION = YES;
				CLANG_WARN_COMMA = YES;
				CLANG_WARN_CONSTANT_CONVERSION = YES;
				CLANG_WARN_DEPRECATED_OBJC_IMPLEMENTATIONS = YES;
				CLANG_WARN_DIRECT_OBJC_ISA_USAGE = YES_ERROR;
				CLANG_WARN_DOCUMENTATION_COMMENTS = YES;
				CLANG_WARN_EMPTY_BODY = YES;
				CLANG_WARN_ENUM_CONVERSION = YES;
				CLANG_WARN_INFINITE_RECURSION = YES;
				CLANG_WARN_INT_CONVERSION = YES;
				CLANG_WARN_NON_LITERAL_NULL_CONVERSION = YES;
				CLANG_WARN_OBJC_IMPLICIT_RETAIN_SELF = YES;
				CLANG_WARN_OBJC_LITERAL_CONVERSION = YES;
				CLANG_WARN_OBJC_ROOT_CLASS = YES_ERROR;
				CLANG_WARN_QUOTED_INCLUDE_IN_FRAMEWORK_HEADER = YES;
				CLANG_WARN_RANGE_LOOP_ANALYSIS = YES;
				CLANG_WARN_STRICT_PROTOTYPES = YES;
				CLANG_WARN_SUSPICIOUS_MOVE = YES;
				CLANG_WARN_UNGUARDED_AVAILABILITY = YES_AGGRESSIVE;
				CLANG_WARN_UNREACHABLE_CODE = YES;
				CLANG_WARN__DUPLICATE_METHOD_MATCH = YES;
				COPY_PHASE_STRIP = NO;
				DEBUG_INFORMATION_FORMAT = "dwarf-with-dsym";
				ENABLE_NS_ASSERTIONS = NO;
				ENABLE_STRICT_OBJC_MSGSEND = YES;
				GCC_C_LANGUAGE_STANDARD = gnu11;
				GCC_NO_COMMON_BLOCKS = YES;
				GCC_WARN_64_TO_32_BIT_CONVERSION = YES;
				GCC_WARN_ABOUT_RETURN_TYPE = YES_ERROR;
				GCC_WARN_UNDECLARED_SELECTOR = YES;
				GCC_WARN_UNINITIALIZED_AUTOS = YES_AGGRESSIVE;
				GCC_WARN_UNUSED_FUNCTION = YES;
				GCC_WARN_UNUSED_VARIABLE = YES;
				IPHONEOS_DEPLOYMENT_TARGET = 14.2;
				MTL_ENABLE_DEBUG_INFO = NO;
				MTL_FAST_MATH = YES;
				SDKROOT = iphoneos;
				SWIFT_COMPILATION_MODE = wholemodule;
				SWIFT_OPTIMIZATION_LEVEL = "-O";
				VALIDATE_PRODUCT = YES;
			};
			name = Release;
		};
		5E83FA432583C8B700FD6477 /* Debug */ = {
			isa = XCBuildConfiguration;
			buildSettings = {
				ASSETCATALOG_COMPILER_APPICON_NAME = AppIcon;
				ASSETCATALOG_COMPILER_GLOBAL_ACCENT_COLOR_NAME = AccentColor;
				CODE_SIGN_STYLE = Automatic;
				DEVELOPMENT_TEAM = NM4VWHX482;
				INFOPLIST_FILE = WhoWantsToBeAMillioner/Info.plist;
				LD_RUNPATH_SEARCH_PATHS = (
					"$(inherited)",
					"@executable_path/Frameworks",
				);
				PRODUCT_BUNDLE_IDENTIFIER = "marat-khanbekov.WhoWantsToBeAMillioner";
				PRODUCT_NAME = "$(TARGET_NAME)";
				SWIFT_VERSION = 5.0;
				TARGETED_DEVICE_FAMILY = "1,2";
			};
			name = Debug;
		};
		5E83FA442583C8B700FD6477 /* Release */ = {
			isa = XCBuildConfiguration;
			buildSettings = {
				ASSETCATALOG_COMPILER_APPICON_NAME = AppIcon;
				ASSETCATALOG_COMPILER_GLOBAL_ACCENT_COLOR_NAME = AccentColor;
				CODE_SIGN_STYLE = Automatic;
				DEVELOPMENT_TEAM = NM4VWHX482;
				INFOPLIST_FILE = WhoWantsToBeAMillioner/Info.plist;
				LD_RUNPATH_SEARCH_PATHS = (
					"$(inherited)",
					"@executable_path/Frameworks",
				);
				PRODUCT_BUNDLE_IDENTIFIER = "marat-khanbekov.WhoWantsToBeAMillioner";
				PRODUCT_NAME = "$(TARGET_NAME)";
				SWIFT_VERSION = 5.0;
				TARGETED_DEVICE_FAMILY = "1,2";
			};
			name = Release;
		};
/* End XCBuildConfiguration section */

/* Begin XCConfigurationList section */
		5E83FA292583C8B500FD6477 /* Build configuration list for PBXProject "WhoWantsToBeAMillioner" */ = {
			isa = XCConfigurationList;
			buildConfigurations = (
				5E83FA402583C8B700FD6477 /* Debug */,
				5E83FA412583C8B700FD6477 /* Release */,
			);
			defaultConfigurationIsVisible = 0;
			defaultConfigurationName = Release;
		};
		5E83FA422583C8B700FD6477 /* Build configuration list for PBXNativeTarget "WhoWantsToBeAMillioner" */ = {
			isa = XCConfigurationList;
			buildConfigurations = (
				5E83FA432583C8B700FD6477 /* Debug */,
				5E83FA442583C8B700FD6477 /* Release */,
			);
			defaultConfigurationIsVisible = 0;
			defaultConfigurationName = Release;
		};
/* End XCConfigurationList section */
	};
	rootObject = 5E83FA262583C8B500FD6477 /* Project object */;
}
